
Microsoft Visual Studio Solution File, Format Version 12.00
# Visual Studio 15
VisualStudioVersion = 15.0.28307.572
MinimumVisualStudioVersion = 10.0.40219.1
Project("{FAE04EC0-301F-11D3-BF4B-00C04F79EFBC}") = "Project_PC_07_Module1", "Project_PC_07_Module1\Project_PC_07_Module1.csproj", "{606970AE-EF5F-449B-8283-6651BAD7D8D9}"
EndProject
Global
	GlobalSection(SolutionConfigurationPlatforms) = preSolution
		Debug|Any CPU = Debug|Any CPU
		Release|Any CPU = Release|Any CPU
	EndGlobalSection
	GlobalSection(ProjectConfigurationPlatforms) = postSolution
		{606970AE-EF5F-449B-8283-6651BAD7D8D9}.Debug|Any CPU.ActiveCfg = Debug|Any CPU
		{606970AE-EF5F-449B-8283-6651BAD7D8D9}.Debug|Any CPU.Build.0 = Debug|Any CPU
		{606970AE-EF5F-449B-8283-6651BAD7D8D9}.Release|Any CPU.ActiveCfg = Release|Any CPU
		{606970AE-EF5F-449B-8283-6651BAD7D8D9}.Release|Any CPU.Build.0 = Release|Any CPU
	EndGlobalSection
	GlobalSection(SolutionProperties) = preSolution
		HideSolutionNode = FALSE
	EndGlobalSection
	GlobalSection(ExtensibilityGlobals) = postSolution
		SolutionGuid = {21A30A7C-D4D2-4EF2-95F9-6FB1591425B5}
	EndGlobalSection
EndGlobal
