
Microsoft Visual Studio Solution File, Format Version 12.00
# Visual Studio 15
VisualStudioVersion = 15.0.26403.0
MinimumVisualStudioVersion = 10.0.40219.1
Project("{FAE04EC0-301F-11D3-BF4B-00C04F79EFBC}") = "Project_PC_07_Module3", "Project_PC_07_Module3\Project_PC_07_Module3.csproj", "{F40F3E71-00CC-4152-8FEA-AADF012040BD}"
EndProject
Global
	GlobalSection(SolutionConfigurationPlatforms) = preSolution
		Debug|Any CPU = Debug|Any CPU
		Release|Any CPU = Release|Any CPU
	EndGlobalSection
	GlobalSection(ProjectConfigurationPlatforms) = postSolution
		{F40F3E71-00CC-4152-8FEA-AADF012040BD}.Debug|Any CPU.ActiveCfg = Debug|Any CPU
		{F40F3E71-00CC-4152-8FEA-AADF012040BD}.Debug|Any CPU.Build.0 = Debug|Any CPU
		{F40F3E71-00CC-4152-8FEA-AADF012040BD}.Release|Any CPU.ActiveCfg = Release|Any CPU
		{F40F3E71-00CC-4152-8FEA-AADF012040BD}.Release|Any CPU.Build.0 = Release|Any CPU
	EndGlobalSection
	GlobalSection(SolutionProperties) = preSolution
		HideSolutionNode = FALSE
	EndGlobalSection
EndGlobal
